// !$*UTF8*$!
{
	archiveVersion = 1;
	classes = {
	};
	objectVersion = 50;
	objects = {

/* Begin PBXBuildFile section */
		FD2CF282248E225A006834DC /* AppDelegate.m in Sources */ = {isa = PBXBuildFile; fileRef = FD2CF281248E225A006834DC /* AppDelegate.m */; };
		FD2CF285248E225A006834DC /* SceneDelegate.m in Sources */ = {isa = PBXBuildFile; fileRef = FD2CF284248E225A006834DC /* SceneDelegate.m */; };
		FD2CF288248E225A006834DC /* ViewController.m in Sources */ = {isa = PBXBuildFile; fileRef = FD2CF287248E225A006834DC /* ViewController.m */; };
		FD2CF28B248E225A006834DC /* Main.storyboard in Resources */ = {isa = PBXBuildFile; fileRef = FD2CF289248E225A006834DC /* Main.storyboard */; };
		FD2CF28D248E225F006834DC /* Assets.xcassets in Resources */ = {isa = PBXBuildFile; fileRef = FD2CF28C248E225F006834DC /* Assets.xcassets */; };
		FD2CF290248E225F006834DC /* LaunchScreen.storyboard in Resources */ = {isa = PBXBuildFile; fileRef = FD2CF28E248E225F006834DC /* LaunchScreen.storyboard */; };
		FD2CF293248E225F006834DC /* main.m in Sources */ = {isa = PBXBuildFile; fileRef = FD2CF292248E225F006834DC /* main.m */; };
/* End PBXBuildFile section */

/* Begin PBXFileReference section */
		FD2CF27D248E225A006834DC /* testoc0608.app */ = {isa = PBXFileReference; explicitFileType = wrapper.application; includeInIndex = 0; path = testoc0608.app; sourceTree = BUILT_PRODUCTS_DIR; };
		FD2CF280248E225A006834DC /* AppDelegate.h */ = {isa = PBXFileReference; lastKnownFileType = sourcecode.c.h; path = AppDelegate.h; sourceTree = "<group>"; };
		FD2CF281248E225A006834DC /* AppDelegate.m */ = {isa = PBXFileReference; lastKnownFileType = sourcecode.c.objc; path = AppDelegate.m; sourceTree = "<group>"; };
		FD2CF283248E225A006834DC /* SceneDelegate.h */ = {isa = PBXFileReference; lastKnownFileType = sourcecode.c.h; path = SceneDelegate.h; sourceTree = "<group>"; };
		FD2CF284248E225A006834DC /* SceneDelegate.m */ = {isa = PBXFileReference; lastKnownFileType = sourcecode.c.objc; path = SceneDelegate.m; sourceTree = "<group>"; };
		FD2CF286248E225A006834DC /* ViewController.h */ = {isa = PBXFileReference; lastKnownFileType = sourcecode.c.h; path = ViewController.h; sourceTree = "<group>"; };
		FD2CF287248E225A006834DC /* ViewController.m */ = {isa = PBXFileReference; lastKnownFileType = sourcecode.c.objc; path = ViewController.m; sourceTree = "<group>"; };
		FD2CF28A248E225A006834DC /* Base */ = {isa = PBXFileReference; lastKnownFileType = file.storyboard; name = Base; path = Base.lproj/Main.storyboard; sourceTree = "<group>"; };
		FD2CF28C248E225F006834DC /* Assets.xcassets */ = {isa = PBXFileReference; lastKnownFileType = folder.assetcatalog; path = Assets.xcassets; sourceTree = "<group>"; };
		FD2CF28F248E225F006834DC /* Base */ = {isa = PBXFileReference; lastKnownFileType = file.storyboard; name = Base; path = Base.lproj/LaunchScreen.storyboard; sourceTree = "<group>"; };
		FD2CF291248E225F006834DC /* Info.plist */ = {isa = PBXFileReference; lastKnownFileType = text.plist.xml; path = Info.plist; sourceTree = "<group>"; };
		FD2CF292248E225F006834DC /* main.m */ = {isa = PBXFileReference; lastKnownFileType = sourcecode.c.objc; path = main.m; sourceTree = "<group>"; };
/* End PBXFileReference section */

/* Begin PBXFrameworksBuildPhase section */
		FD2CF27A248E225A006834DC /* Frameworks */ = {
			isa = PBXFrameworksBuildPhase;
			buildActionMask = 2147483647;
			files = (
			);
			runOnlyForDeploymentPostprocessing = 0;
		};
/* End PBXFrameworksBuildPhase section */

/* Begin PBXGroup section */
		FD2CF274248E225A006834DC = {
			isa = PBXGroup;
			children = (
				FD2CF27F248E225A006834DC /* testoc0608 */,
				FD2CF27E248E225A006834DC /* Products */,
			);
			sourceTree = "<group>";
		};
		FD2CF27E248E225A006834DC /* Products */ = {
			isa = PBXGroup;
			children = (
				FD2CF27D248E225A006834DC /* testoc0608.app */,
			);
			name = Products;
			sourceTree = "<group>";
		};
		FD2CF27F248E225A006834DC /* testoc0608 */ = {
			isa = PBXGroup;
			children = (
				FD2CF280248E225A006834DC /* AppDelegate.h */,
				FD2CF281248E225A006834DC /* AppDelegate.m */,
				FD2CF283248E225A006834DC /* SceneDelegate.h */,
				FD2CF284248E225A006834DC /* SceneDelegate.m */,
				FD2CF286248E225A006834DC /* ViewController.h */,
				FD2CF287248E225A006834DC /* ViewController.m */,
				FD2CF289248E225A006834DC /* Main.storyboard */,
				FD2CF28C248E225F006834DC /* Assets.xcassets */,
				FD2CF28E248E225F006834DC /* LaunchScreen.storyboard */,
				FD2CF291248E225F006834DC /* Info.plist */,
				FD2CF292248E225F006834DC /* main.m */,
			);
			path = testoc0608;
			sourceTree = "<group>";
		};
/* End PBXGroup section */

/* Begin PBXNativeTarget section */
		FD2CF27C248E225A006834DC /* testoc0608 */ = {
			isa = PBXNativeTarget;
			buildConfigurationList = FD2CF296248E225F006834DC /* Build configuration list for PBXNativeTarget "testoc0608" */;
			buildPhases = (
				FD2CF279248E225A006834DC /* Sources */,
				FD2CF27A248E225A006834DC /* Frameworks */,
				FD2CF27B248E225A006834DC /* Resources */,
			);
			buildRules = (
			);
			dependencies = (
			);
			name = testoc0608;
			productName = testoc0608;
			productReference = FD2CF27D248E225A006834DC /* testoc0608.app */;
			productType = "com.apple.product-type.application";
		};
/* End PBXNativeTarget section */

/* Begin PBXProject section */
		FD2CF275248E225A006834DC /* Project object */ = {
			isa = PBXProject;
			attributes = {
				LastUpgradeCheck = 1140;
				ORGANIZATIONNAME = max_cai;
				TargetAttributes = {
					FD2CF27C248E225A006834DC = {
						CreatedOnToolsVersion = 11.4.1;
					};
				};
			};
			buildConfigurationList = FD2CF278248E225A006834DC /* Build configuration list for PBXProject "testoc0608" */;
			compatibilityVersion = "Xcode 9.3";
			developmentRegion = en;
			hasScannedForEncodings = 0;
			knownRegions = (
				en,
				Base,
			);
			mainGroup = FD2CF274248E225A006834DC;
			productRefGroup = FD2CF27E248E225A006834DC /* Products */;
			projectDirPath = "";
			projectRoot = "";
			targets = (
				FD2CF27C248E225A006834DC /* testoc0608 */,
			);
		};
/* End PBXProject section */

/* Begin PBXResourcesBuildPhase section */
		FD2CF27B248E225A006834DC /* Resources */ = {
			isa = PBXResourcesBuildPhase;
			buildActionMask = 2147483647;
			files = (
				FD2CF290248E225F006834DC /* LaunchScreen.storyboard in Resources */,
				FD2CF28D248E225F006834DC /* Assets.xcassets in Resources */,
				FD2CF28B248E225A006834DC /* Main.storyboard in Resources */,
			);
			runOnlyForDeploymentPostprocessing = 0;
		};
/* End PBXResourcesBuildPhase section */

/* Begin PBXSourcesBuildPhase section */
		FD2CF279248E225A006834DC /* Sources */ = {
			isa = PBXSourcesBuildPhase;
			buildActionMask = 2147483647;
			files = (
				FD2CF288248E225A006834DC /* ViewController.m in Sources */,
				FD2CF282248E225A006834DC /* AppDelegate.m in Sources */,
				FD2CF293248E225F006834DC /* main.m in Sources */,
				FD2CF285248E225A006834DC /* SceneDelegate.m in Sources */,
			);
			runOnlyForDeploymentPostprocessing = 0;
		};
/* End PBXSourcesBuildPhase section */

/* Begin PBXVariantGroup section */
		FD2CF289248E225A006834DC /* Main.storyboard */ = {
			isa = PBXVariantGroup;
			children = (
				FD2CF28A248E225A006834DC /* Base */,
			);
			name = Main.storyboard;
			sourceTree = "<group>";
		};
		FD2CF28E248E225F006834DC /* LaunchScreen.storyboard */ = {
			isa = PBXVariantGroup;
			children = (
				FD2CF28F248E225F006834DC /* Base */,
			);
			name = LaunchScreen.storyboard;
			sourceTree = "<group>";
		};
/* End PBXVariantGroup section */

/* Begin XCBuildConfiguration section */
		FD2CF294248E225F006834DC /* Debug */ = {
			isa = XCBuildConfiguration;
			buildSettings = {
				ALWAYS_SEARCH_USER_PATHS = NO;
				CLANG_ANALYZER_NONNULL = YES;
				CLANG_ANALYZER_NUMBER_OBJECT_CONVERSION = YES_AGGRESSIVE;
				CLANG_CXX_LANGUAGE_STANDARD = "gnu++14";
				CLANG_CXX_LIBRARY = "libc++";
				CLANG_ENABLE_MODULES = YES;
				CLANG_ENABLE_OBJC_ARC = YES;
				CLANG_ENABLE_OBJC_WEAK = YES;
				CLANG_WARN_BLOCK_CAPTURE_AUTORELEASING = YES;
				CLANG_WARN_BOOL_CONVERSION = YES;
				CLANG_WARN_COMMA = YES;
				CLANG_WARN_CONSTANT_CONVERSION = YES;
				CLANG_WARN_DEPRECATED_OBJC_IMPLEMENTATIONS = YES;
				CLANG_WARN_DIRECT_OBJC_ISA_USAGE = YES_ERROR;
				CLANG_WARN_DOCUMENTATION_COMMENTS = YES;
				CLANG_WARN_EMPTY_BODY = YES;
				CLANG_WARN_ENUM_CONVERSION = YES;
				CLANG_WARN_INFINITE_RECURSION = YES;
				CLANG_WARN_INT_CONVERSION = YES;
				CLANG_WARN_NON_LITERAL_NULL_CONVERSION = YES;
				CLANG_WARN_OBJC_IMPLICIT_RETAIN_SELF = YES;
				CLANG_WARN_OBJC_LITERAL_CONVERSION = YES;
				CLANG_WARN_OBJC_ROOT_CLASS = YES_ERROR;
				CLANG_WARN_RANGE_LOOP_ANALYSIS = YES;
				CLANG_WARN_STRICT_PROTOTYPES = YES;
				CLANG_WARN_SUSPICIOUS_MOVE = YES;
				CLANG_WARN_UNGUARDED_AVAILABILITY = YES_AGGRESSIVE;
				CLANG_WARN_UNREACHABLE_CODE = YES;
				CLANG_WARN__DUPLICATE_METHOD_MATCH = YES;
				COPY_PHASE_STRIP = NO;
				DEBUG_INFORMATION_FORMAT = dwarf;
				ENABLE_STRICT_OBJC_MSGSEND = YES;
				ENABLE_TESTABILITY = YES;
				GCC_C_LANGUAGE_STANDARD = gnu11;
				GCC_DYNAMIC_NO_PIC = NO;
				GCC_NO_COMMON_BLOCKS = YES;
				GCC_OPTIMIZATION_LEVEL = 0;
				GCC_PREPROCESSOR_DEFINITIONS = (
					"DEBUG=1",
					"$(inherited)",
				);
				GCC_WARN_64_TO_32_BIT_CONVERSION = YES;
				GCC_WARN_ABOUT_RETURN_TYPE = YES_ERROR;
				GCC_WARN_UNDECLARED_SELECTOR = YES;
				GCC_WARN_UNINITIALIZED_AUTOS = YES_AGGRESSIVE;
				GCC_WARN_UNUSED_FUNCTION = YES;
				GCC_WARN_UNUSED_VARIABLE = YES;
				IPHONEOS_DEPLOYMENT_TARGET = 13.4;
				MTL_ENABLE_DEBUG_INFO = INCLUDE_SOURCE;
				MTL_FAST_MATH = YES;
				ONLY_ACTIVE_ARCH = YES;
				SDKROOT = iphoneos;
			};
			name = Debug;
		};
		FD2CF295248E225F006834DC /* Release */ = {
			isa = XCBuildConfiguration;
			buildSettings = {
				ALWAYS_SEARCH_USER_PATHS = NO;
				CLANG_ANALYZER_NONNULL = YES;
				CLANG_ANALYZER_NUMBER_OBJECT_CONVERSION = YES_AGGRESSIVE;
				CLANG_CXX_LANGUAGE_STANDARD = "gnu++14";
				CLANG_CXX_LIBRARY = "libc++";
				CLANG_ENABLE_MODULES = YES;
				CLANG_ENABLE_OBJC_ARC = YES;
				CLANG_ENABLE_OBJC_WEAK = YES;
				CLANG_WARN_BLOCK_CAPTURE_AUTORELEASING = YES;
				CLANG_WARN_BOOL_CONVERSION = YES;
				CLANG_WARN_COMMA = YES;
				CLANG_WARN_CONSTANT_CONVERSION = YES;
				CLANG_WARN_DEPRECATED_OBJC_IMPLEMENTATIONS = YES;
				CLANG_WARN_DIRECT_OBJC_ISA_USAGE = YES_ERROR;
				CLANG_WARN_DOCUMENTATION_COMMENTS = YES;
				CLANG_WARN_EMPTY_BODY = YES;
				CLANG_WARN_ENUM_CONVERSION = YES;
				CLANG_WARN_INFINITE_RECURSION = YES;
				CLANG_WARN_INT_CONVERSION = YES;
				CLANG_WARN_NON_LITERAL_NULL_CONVERSION = YES;
				CLANG_WARN_OBJC_IMPLICIT_RETAIN_SELF = YES;
				CLANG_WARN_OBJC_LITERAL_CONVERSION = YES;
				CLANG_WARN_OBJC_ROOT_CLASS = YES_ERROR;
				CLANG_WARN_RANGE_LOOP_ANALYSIS = YES;
				CLANG_WARN_STRICT_PROTOTYPES = YES;
				CLANG_WARN_SUSPICIOUS_MOVE = YES;
				CLANG_WARN_UNGUARDED_AVAILABILITY = YES_AGGRESSIVE;
				CLANG_WARN_UNREACHABLE_CODE = YES;
				CLANG_WARN__DUPLICATE_METHOD_MATCH = YES;
				COPY_PHASE_STRIP = NO;
				DEBUG_INFORMATION_FORMAT = "dwarf-with-dsym";
				ENABLE_NS_ASSERTIONS = NO;
				ENABLE_STRICT_OBJC_MSGSEND = YES;
				GCC_C_LANGUAGE_STANDARD = gnu11;
				GCC_NO_COMMON_BLOCKS = YES;
				GCC_WARN_64_TO_32_BIT_CONVERSION = YES;
				GCC_WARN_ABOUT_RETURN_TYPE = YES_ERROR;
				GCC_WARN_UNDECLARED_SELECTOR = YES;
				GCC_WARN_UNINITIALIZED_AUTOS = YES_AGGRESSIVE;
				GCC_WARN_UNUSED_FUNCTION = YES;
				GCC_WARN_UNUSED_VARIABLE = YES;
				IPHONEOS_DEPLOYMENT_TARGET = 13.4;
				MTL_ENABLE_DEBUG_INFO = NO;
				MTL_FAST_MATH = YES;
				SDKROOT = iphoneos;
				VALIDATE_PRODUCT = YES;
			};
			name = Release;
		};
		FD2CF297248E225F006834DC /* Debug */ = {
			isa = XCBuildConfiguration;
			buildSettings = {
				ASSETCATALOG_COMPILER_APPICON_NAME = AppIcon;
				CODE_SIGN_STYLE = Automatic;
				INFOPLIST_FILE = testoc0608/Info.plist;
				LD_RUNPATH_SEARCH_PATHS = (
					"$(inherited)",
					"@executable_path/Frameworks",
				);
				PRODUCT_BUNDLE_IDENTIFIER = cn.max.testoc0608;
				PRODUCT_NAME = "$(TARGET_NAME)";
				TARGETED_DEVICE_FAMILY = "1,2";
			};
			name = Debug;
		};
		FD2CF298248E225F006834DC /* Release */ = {
			isa = XCBuildConfiguration;
			buildSettings = {
				ASSETCATALOG_COMPILER_APPICON_NAME = AppIcon;
				CODE_SIGN_STYLE = Automatic;
				INFOPLIST_FILE = testoc0608/Info.plist;
				LD_RUNPATH_SEARCH_PATHS = (
					"$(inherited)",
					"@executable_path/Frameworks",
				);
				PRODUCT_BUNDLE_IDENTIFIER = cn.max.testoc0608;
				PRODUCT_NAME = "$(TARGET_NAME)";
				TARGETED_DEVICE_FAMILY = "1,2";
			};
			name = Release;
		};
/* End XCBuildConfiguration section */

/* Begin XCConfigurationList section */
		FD2CF278248E225A006834DC /* Build configuration list for PBXProject "testoc0608" */ = {
			isa = XCConfigurationList;
			buildConfigurations = (
				FD2CF294248E225F006834DC /* Debug */,
				FD2CF295248E225F006834DC /* Release */,
			);
			defaultConfigurationIsVisible = 0;
			defaultConfigurationName = Release;
		};
		FD2CF296248E225F006834DC /* Build configuration list for PBXNativeTarget "testoc0608" */ = {
			isa = XCConfigurationList;
			buildConfigurations = (
				FD2CF297248E225F006834DC /* Debug */,
				FD2CF298248E225F006834DC /* Release */,
			);
			defaultConfigurationIsVisible = 0;
			defaultConfigurationName = Release;
		};
/* End XCConfigurationList section */
	};
	rootObject = FD2CF275248E225A006834DC /* Project object */;
}
